
Microsoft Visual Studio Solution File, Format Version 12.00
# Visual Studio 15
VisualStudioVersion = 15.0.28010.2026
MinimumVisualStudioVersion = 10.0.40219.1
Project("{FAE04EC0-301F-11D3-BF4B-00C04F79EFBC}") = "GalleryManager", "GalleryManager\GalleryManager.csproj", "{463C3175-8F66-4C51-9F84-5104CAD584F8}"
EndProject
Global
	GlobalSection(SolutionConfigurationPlatforms) = preSolution
		Debug|Any CPU = Debug|Any CPU
		Release|Any CPU = Release|Any CPU
	EndGlobalSection
	GlobalSection(ProjectConfigurationPlatforms) = postSolution
		{463C3175-8F66-4C51-9F84-5104CAD584F8}.Debug|Any CPU.ActiveCfg = Debug|Any CPU
		{463C3175-8F66-4C51-9F84-5104CAD584F8}.Debug|Any CPU.Build.0 = Debug|Any CPU
		{463C3175-8F66-4C51-9F84-5104CAD584F8}.Release|Any CPU.ActiveCfg = Release|Any CPU
		{463C3175-8F66-4C51-9F84-5104CAD584F8}.Release|Any CPU.Build.0 = Release|Any CPU
	EndGlobalSection
	GlobalSection(SolutionProperties) = preSolution
		HideSolutionNode = FALSE
	EndGlobalSection
	GlobalSection(ExtensibilityGlobals) = postSolution
		SolutionGuid = {C2037373-F560-4AA5-AC01-620FCB1BB2D4}
	EndGlobalSection
EndGlobal
